// !$*UTF8*$!
{
	archiveVersion = 1;
	classes = {
	};
	objectVersion = 46;
	objects = {

/* Begin PBXBuildFile section */
		428868022071568800F135B9 /* DayTests.swift in Sources */ = {isa = PBXBuildFile; fileRef = 428868012071568800F135B9 /* DayTests.swift */; };
		42886808207158AA00F135B9 /* ExtensionTests.swift in Sources */ = {isa = PBXBuildFile; fileRef = 42886807207158AA00F135B9 /* ExtensionTests.swift */; };
		42BACD442072539A0090DE68 /* Date+Seconds.swift in Sources */ = {isa = PBXBuildFile; fileRef = 42BACD432072539A0090DE68 /* Date+Seconds.swift */; };
		42BACD4620725FC60090DE68 /* ForecastClientTests.swift in Sources */ = {isa = PBXBuildFile; fileRef = 42BACD4520725FC60090DE68 /* ForecastClientTests.swift */; };
		42BACD4820726C250090DE68 /* SampleResponse.swift in Sources */ = {isa = PBXBuildFile; fileRef = 42BACD4720726C250090DE68 /* SampleResponse.swift */; };
		42BACD4C2072767E0090DE68 /* MockForecastSession.swift in Sources */ = {isa = PBXBuildFile; fileRef = 42BACD4B2072767E0090DE68 /* MockForecastSession.swift */; };
		42C210CB20716494008E0E9E /* DataSourceTests.swift in Sources */ = {isa = PBXBuildFile; fileRef = 42C210CA20716494008E0E9E /* DataSourceTests.swift */; };
		42C210CD2071FF14008E0E9E /* ForecastAPIClient.swift in Sources */ = {isa = PBXBuildFile; fileRef = 42C210CC2071FF14008E0E9E /* ForecastAPIClient.swift */; };
		BF_133397382201 /* EventCell.swift in Sources */ = {isa = PBXBuildFile; fileRef = FR_689591587218 /* EventCell.swift */; };
		BF_201106544672 /* DateHeaderView.swift in Sources */ = {isa = PBXBuildFile; fileRef = FR_911382929871 /* DateHeaderView.swift */; };
		BF_246440345540 /* AppDelegate.swift in Sources */ = {isa = PBXBuildFile; fileRef = FR_598083886815 /* AppDelegate.swift */; };
		BF_351401592110 /* PlusNumberView.swift in Sources */ = {isa = PBXBuildFile; fileRef = FR_408772440639 /* PlusNumberView.swift */; };
		BF_352088762575 /* AttendeesView.swift in Sources */ = {isa = PBXBuildFile; fileRef = FR_642225800371 /* AttendeesView.swift */; };
		BF_353932559249 /* UIColor+Hex.swift in Sources */ = {isa = PBXBuildFile; fileRef = FR_618149985773 /* UIColor+Hex.swift */; };
		BF_377049340755 /* AgendaDataSource.swift in Sources */ = {isa = PBXBuildFile; fileRef = FR_381480004977 /* AgendaDataSource.swift */; };
		BF_404617211936 /* EventTimingView.swift in Sources */ = {isa = PBXBuildFile; fileRef = FR_427279115807 /* EventTimingView.swift */; };
		BF_460376240917 /* EventDataProvider.swift in Sources */ = {isa = PBXBuildFile; fileRef = FR_499962432609 /* EventDataProvider.swift */; };
		BF_489203749641 /* CalendarDataSource.swift in Sources */ = {isa = PBXBuildFile; fileRef = FR_226640608260 /* CalendarDataSource.swift */; };
		BF_500797084898 /* LaunchScreen.storyboard in Resources */ = {isa = PBXBuildFile; fileRef = VG_379966967669 /* LaunchScreen.storyboard */; };
		BF_504108947674 /* CircularAvatar.swift in Sources */ = {isa = PBXBuildFile; fileRef = FR_898721149945 /* CircularAvatar.swift */; };
		BF_515726803494 /* DayCell.swift in Sources */ = {isa = PBXBuildFile; fileRef = FR_644470534573 /* DayCell.swift */; };
		BF_533673582875 /* EmptyEventsTableViewCell.swift in Sources */ = {isa = PBXBuildFile; fileRef = FR_839302321254 /* EmptyEventsTableViewCell.swift */; };
		BF_548265381298 /* Attendee.swift in Sources */ = {isa = PBXBuildFile; fileRef = FR_819794136458 /* Attendee.swift */; };
		BF_571471824798 /* MonthTitleView.swift in Sources */ = {isa = PBXBuildFile; fileRef = FR_669041959677 /* MonthTitleView.swift */; };
		BF_574880598792 /* UIView+alignEdges.swift in Sources */ = {isa = PBXBuildFile; fileRef = FR_281895916180 /* UIView+alignEdges.swift */; };
		BF_621771586145 /* DotView.swift in Sources */ = {isa = PBXBuildFile; fileRef = FR_752573872441 /* DotView.swift */; };
		BF_635399764842 /* LocationView.swift in Sources */ = {isa = PBXBuildFile; fileRef = FR_389537625973 /* LocationView.swift */; };
		BF_668220930294 /* Day.swift in Sources */ = {isa = PBXBuildFile; fileRef = FR_129976626392 /* Day.swift */; };
		BF_670999139963 /* StaticEventsDataProvider.swift in Sources */ = {isa = PBXBuildFile; fileRef = FR_762469995347 /* StaticEventsDataProvider.swift */; };
		BF_673544012464 /* CGRect + Centering.swift in Sources */ = {isa = PBXBuildFile; fileRef = FR_370506073279 /* CGRect + Centering.swift */; };
		BF_683537124352 /* Assets.xcassets in Resources */ = {isa = PBXBuildFile; fileRef = FR_409928263956 /* Assets.xcassets */; };
		BF_686639947104 /* Collection+ElementAtIndex.swift in Sources */ = {isa = PBXBuildFile; fileRef = FR_678487493343 /* Collection+ElementAtIndex.swift */; };
		BF_707068814845 /* EventViewModel.swift in Sources */ = {isa = PBXBuildFile; fileRef = FR_512129741381 /* EventViewModel.swift */; };
		BF_822203216781 /* EventDetailsView.swift in Sources */ = {isa = PBXBuildFile; fileRef = FR_920763256769 /* EventDetailsView.swift */; };
		BF_826385771561 /* Constants.swift in Sources */ = {isa = PBXBuildFile; fileRef = FR_236054590453 /* Constants.swift */; };
		BF_841295316044 /* OutlookAssignmentTests.swift in Sources */ = {isa = PBXBuildFile; fileRef = FR_349342137365 /* OutlookAssignmentTests.swift */; };
		BF_910540538205 /* EventSource.swift in Sources */ = {isa = PBXBuildFile; fileRef = FR_468679413091 /* EventSource.swift */; };
		BF_915293354383 /* CalendarViewController.swift in Sources */ = {isa = PBXBuildFile; fileRef = FR_650781316638 /* CalendarViewController.swift */; };
/* End PBXBuildFile section */

/* Begin PBXContainerItemProxy section */
		42886805207156E200F135B9 /* PBXContainerItemProxy */ = {
			isa = PBXContainerItemProxy;
			containerPortal = P_9058474000714 /* Project object */;
			proxyType = 1;
			remoteGlobalIDString = NT_232594268034;
			remoteInfo = OutlookAssignment_iOS;
		};
/* End PBXContainerItemProxy section */

/* Begin PBXFileReference section */
		428868012071568800F135B9 /* DayTests.swift */ = {isa = PBXFileReference; lastKnownFileType = sourcecode.swift; path = DayTests.swift; sourceTree = "<group>"; };
		42886807207158AA00F135B9 /* ExtensionTests.swift */ = {isa = PBXFileReference; lastKnownFileType = sourcecode.swift; path = ExtensionTests.swift; sourceTree = "<group>"; };
		42BACD432072539A0090DE68 /* Date+Seconds.swift */ = {isa = PBXFileReference; lastKnownFileType = sourcecode.swift; name = "Date+Seconds.swift"; path = "Forecast Integration/Date+Seconds.swift"; sourceTree = "<group>"; };
		42BACD4520725FC60090DE68 /* ForecastClientTests.swift */ = {isa = PBXFileReference; lastKnownFileType = sourcecode.swift; name = ForecastClientTests.swift; path = OutlookAssignmentTests/ForecastClientTests.swift; sourceTree = SOURCE_ROOT; };
		42BACD4720726C250090DE68 /* SampleResponse.swift */ = {isa = PBXFileReference; lastKnownFileType = sourcecode.swift; path = SampleResponse.swift; sourceTree = "<group>"; };
		42BACD4B2072767E0090DE68 /* MockForecastSession.swift */ = {isa = PBXFileReference; lastKnownFileType = sourcecode.swift; path = MockForecastSession.swift; sourceTree = "<group>"; };
		42C210CA20716494008E0E9E /* DataSourceTests.swift */ = {isa = PBXFileReference; lastKnownFileType = sourcecode.swift; path = DataSourceTests.swift; sourceTree = "<group>"; };
		42C210CC2071FF14008E0E9E /* ForecastAPIClient.swift */ = {isa = PBXFileReference; lastKnownFileType = sourcecode.swift; name = ForecastAPIClient.swift; path = "Forecast Integration/ForecastAPIClient.swift"; sourceTree = "<group>"; };
		FR_129976626392 /* Day.swift */ = {isa = PBXFileReference; lastKnownFileType = sourcecode.swift; path = Day.swift; sourceTree = "<group>"; };
		FR_226640608260 /* CalendarDataSource.swift */ = {isa = PBXFileReference; lastKnownFileType = sourcecode.swift; path = CalendarDataSource.swift; sourceTree = "<group>"; };
		FR_232594268034 /* OutlookAssignment.app */ = {isa = PBXFileReference; includeInIndex = 0; lastKnownFileType = wrapper.application; path = OutlookAssignment.app; sourceTree = BUILT_PRODUCTS_DIR; };
		FR_236054590453 /* Constants.swift */ = {isa = PBXFileReference; lastKnownFileType = sourcecode.swift; path = Constants.swift; sourceTree = "<group>"; };
		FR_281895916180 /* UIView+alignEdges.swift */ = {isa = PBXFileReference; lastKnownFileType = sourcecode.swift; path = "UIView+alignEdges.swift"; sourceTree = "<group>"; };
		FR_314925002723 /* Info.plist */ = {isa = PBXFileReference; lastKnownFileType = text.plist.xml; path = Info.plist; sourceTree = "<group>"; };
		FR_349342137365 /* OutlookAssignmentTests.swift */ = {isa = PBXFileReference; lastKnownFileType = sourcecode.swift; path = OutlookAssignmentTests.swift; sourceTree = "<group>"; };
		FR_370506073279 /* CGRect + Centering.swift */ = {isa = PBXFileReference; lastKnownFileType = sourcecode.swift; path = "CGRect + Centering.swift"; sourceTree = "<group>"; };
		FR_379966967669 /* Base */ = {isa = PBXFileReference; lastKnownFileType = file.storyboard; name = Base; path = Base.lproj/LaunchScreen.storyboard; sourceTree = "<group>"; };
		FR_381480004977 /* AgendaDataSource.swift */ = {isa = PBXFileReference; lastKnownFileType = sourcecode.swift; path = AgendaDataSource.swift; sourceTree = "<group>"; };
		FR_389537625973 /* LocationView.swift */ = {isa = PBXFileReference; lastKnownFileType = sourcecode.swift; path = LocationView.swift; sourceTree = "<group>"; };
		FR_408772440639 /* PlusNumberView.swift */ = {isa = PBXFileReference; lastKnownFileType = sourcecode.swift; path = PlusNumberView.swift; sourceTree = "<group>"; };
		FR_409928263956 /* Assets.xcassets */ = {isa = PBXFileReference; lastKnownFileType = folder.assetcatalog; path = Assets.xcassets; sourceTree = "<group>"; };
		FR_427279115807 /* EventTimingView.swift */ = {isa = PBXFileReference; lastKnownFileType = sourcecode.swift; path = EventTimingView.swift; sourceTree = "<group>"; };
		FR_468679413091 /* EventSource.swift */ = {isa = PBXFileReference; lastKnownFileType = sourcecode.swift; path = EventSource.swift; sourceTree = "<group>"; };
		FR_499962432609 /* EventDataProvider.swift */ = {isa = PBXFileReference; lastKnownFileType = sourcecode.swift; path = EventDataProvider.swift; sourceTree = "<group>"; };
		FR_512129741381 /* EventViewModel.swift */ = {isa = PBXFileReference; lastKnownFileType = sourcecode.swift; path = EventViewModel.swift; sourceTree = "<group>"; };
		FR_518012577638 /* OutlookAssignmentTests.xctest */ = {isa = PBXFileReference; explicitFileType = wrapper.cfbundle; includeInIndex = 0; path = OutlookAssignmentTests.xctest; sourceTree = BUILT_PRODUCTS_DIR; };
		FR_598083886815 /* AppDelegate.swift */ = {isa = PBXFileReference; lastKnownFileType = sourcecode.swift; path = AppDelegate.swift; sourceTree = "<group>"; };
		FR_618149985773 /* UIColor+Hex.swift */ = {isa = PBXFileReference; lastKnownFileType = sourcecode.swift; path = "UIColor+Hex.swift"; sourceTree = "<group>"; };
		FR_642225800371 /* AttendeesView.swift */ = {isa = PBXFileReference; lastKnownFileType = sourcecode.swift; path = AttendeesView.swift; sourceTree = "<group>"; };
		FR_644470534573 /* DayCell.swift */ = {isa = PBXFileReference; lastKnownFileType = sourcecode.swift; path = DayCell.swift; sourceTree = "<group>"; };
		FR_650781316638 /* CalendarViewController.swift */ = {isa = PBXFileReference; lastKnownFileType = sourcecode.swift; path = CalendarViewController.swift; sourceTree = "<group>"; };
		FR_669041959677 /* MonthTitleView.swift */ = {isa = PBXFileReference; lastKnownFileType = sourcecode.swift; path = MonthTitleView.swift; sourceTree = "<group>"; };
		FR_678487493343 /* Collection+ElementAtIndex.swift */ = {isa = PBXFileReference; lastKnownFileType = sourcecode.swift; path = "Collection+ElementAtIndex.swift"; sourceTree = "<group>"; };
		FR_689591587218 /* EventCell.swift */ = {isa = PBXFileReference; lastKnownFileType = sourcecode.swift; path = EventCell.swift; sourceTree = "<group>"; };
		FR_752573872441 /* DotView.swift */ = {isa = PBXFileReference; lastKnownFileType = sourcecode.swift; path = DotView.swift; sourceTree = "<group>"; };
		FR_762469995347 /* StaticEventsDataProvider.swift */ = {isa = PBXFileReference; lastKnownFileType = sourcecode.swift; path = StaticEventsDataProvider.swift; sourceTree = "<group>"; };
		FR_819794136458 /* Attendee.swift */ = {isa = PBXFileReference; lastKnownFileType = sourcecode.swift; path = Attendee.swift; sourceTree = "<group>"; };
		FR_839302321254 /* EmptyEventsTableViewCell.swift */ = {isa = PBXFileReference; lastKnownFileType = sourcecode.swift; path = EmptyEventsTableViewCell.swift; sourceTree = "<group>"; };
		FR_898721149945 /* CircularAvatar.swift */ = {isa = PBXFileReference; lastKnownFileType = sourcecode.swift; path = CircularAvatar.swift; sourceTree = "<group>"; };
		FR_911382929871 /* DateHeaderView.swift */ = {isa = PBXFileReference; lastKnownFileType = sourcecode.swift; path = DateHeaderView.swift; sourceTree = "<group>"; };
		FR_914264470315 /* Info.plist */ = {isa = PBXFileReference; lastKnownFileType = text.plist.xml; path = Info.plist; sourceTree = "<group>"; };
		FR_920763256769 /* EventDetailsView.swift */ = {isa = PBXFileReference; lastKnownFileType = sourcecode.swift; path = EventDetailsView.swift; sourceTree = "<group>"; };
/* End PBXFileReference section */

/* Begin PBXGroup section */
		G_2450873997180 /* Extensions */ = {
			isa = PBXGroup;
			children = (
				FR_370506073279 /* CGRect + Centering.swift */,
				FR_678487493343 /* Collection+ElementAtIndex.swift */,
				FR_618149985773 /* UIColor+Hex.swift */,
				FR_281895916180 /* UIView+alignEdges.swift */,
			);
			path = Extensions;
			sourceTree = "<group>";
		};
		G_4341789877856 /* View Models */ = {
			isa = PBXGroup;
			children = (
				FR_819794136458 /* Attendee.swift */,
				FR_512129741381 /* EventViewModel.swift */,
			);
			path = "View Models";
			sourceTree = "<group>";
		};
		G_6945233680929 /* OutlookAssignmentTests */ = {
			isa = PBXGroup;
			children = (
				428868012071568800F135B9 /* DayTests.swift */,
				42886807207158AA00F135B9 /* ExtensionTests.swift */,
				42BACD4520725FC60090DE68 /* ForecastClientTests.swift */,
				42BACD4B2072767E0090DE68 /* MockForecastSession.swift */,
				42BACD4720726C250090DE68 /* SampleResponse.swift */,
				42C210CA20716494008E0E9E /* DataSourceTests.swift */,
				FR_914264470315 /* Info.plist */,
				FR_349342137365 /* OutlookAssignmentTests.swift */,
			);
			path = OutlookAssignmentTests;
			sourceTree = "<group>";
		};
		G_6961054579414 /* Data Sources */ = {
			isa = PBXGroup;
			children = (
				FR_468679413091 /* EventSource.swift */,
				FR_381480004977 /* AgendaDataSource.swift */,
				FR_226640608260 /* CalendarDataSource.swift */,
				FR_499962432609 /* EventDataProvider.swift */,
				FR_762469995347 /* StaticEventsDataProvider.swift */,
			);
			path = "Data Sources";
			sourceTree = "<group>";
		};
		G_7007031299588 /* Calendar View */ = {
			isa = PBXGroup;
			children = (
				FR_644470534573 /* DayCell.swift */,
			);
			path = "Calendar View";
			sourceTree = "<group>";
		};
		G_7895617976294 /* Cells */ = {
			isa = PBXGroup;
			children = (
				FR_839302321254 /* EmptyEventsTableViewCell.swift */,
				FR_689591587218 /* EventCell.swift */,
			);
			path = Cells;
			sourceTree = "<group>";
		};
		G_8448771205358 = {
			isa = PBXGroup;
			children = (
				G_9058474000714 /* OutlookAssignment */,
				G_6945233680929 /* OutlookAssignmentTests */,
				G_8620238527590 /* Products */,
			);
			sourceTree = "<group>";
		};
		G_8620238527590 /* Products */ = {
			isa = PBXGroup;
			children = (
				FR_232594268034 /* OutlookAssignment.app */,
				FR_518012577638 /* OutlookAssignmentTests.xctest */,
			);
			name = Products;
			sourceTree = "<group>";
		};
		G_8942821618959 /* Agenda View */ = {
			isa = PBXGroup;
			children = (
				G_7895617976294 /* Cells */,
				FR_642225800371 /* AttendeesView.swift */,
				FR_898721149945 /* CircularAvatar.swift */,
				FR_911382929871 /* DateHeaderView.swift */,
				FR_752573872441 /* DotView.swift */,
				FR_920763256769 /* EventDetailsView.swift */,
				FR_427279115807 /* EventTimingView.swift */,
				FR_389537625973 /* LocationView.swift */,
				FR_669041959677 /* MonthTitleView.swift */,
				FR_408772440639 /* PlusNumberView.swift */,
			);
			path = "Agenda View";
			sourceTree = "<group>";
		};
		G_9058474000714 /* OutlookAssignment */ = {
			isa = PBXGroup;
			children = (
				G_8942821618959 /* Agenda View */,
				G_7007031299588 /* Calendar View */,
				G_6961054579414 /* Data Sources */,
				G_2450873997180 /* Extensions */,
				G_4341789877856 /* View Models */,
				FR_598083886815 /* AppDelegate.swift */,
				FR_409928263956 /* Assets.xcassets */,
				FR_650781316638 /* CalendarViewController.swift */,
				42C210CC2071FF14008E0E9E /* ForecastAPIClient.swift */,
				42BACD432072539A0090DE68 /* Date+Seconds.swift */,
				FR_236054590453 /* Constants.swift */,
				FR_129976626392 /* Day.swift */,
				FR_314925002723 /* Info.plist */,
				VG_379966967669 /* LaunchScreen.storyboard */,
			);
			path = OutlookAssignment;
			sourceTree = "<group>";
		};
/* End PBXGroup section */

/* Begin PBXNativeTarget section */
		NT_232594268034 /* OutlookAssignment_iOS */ = {
			isa = PBXNativeTarget;
			buildConfigurationList = CL_232594268034 /* Build configuration list for PBXNativeTarget "OutlookAssignment_iOS" */;
			buildPhases = (
				SBP_23259426803 /* Sources */,
				RBP_23259426803 /* Resources */,
			);
			buildRules = (
			);
			dependencies = (
			);
			name = OutlookAssignment_iOS;
			productName = OutlookAssignment_iOS;
			productReference = FR_232594268034 /* OutlookAssignment.app */;
			productType = "com.apple.product-type.application";
		};
		NT_518012577638 /* OutlookAssignmentTests_iOS */ = {
			isa = PBXNativeTarget;
			buildConfigurationList = CL_518012577638 /* Build configuration list for PBXNativeTarget "OutlookAssignmentTests_iOS" */;
			buildPhases = (
				SBP_51801257763 /* Sources */,
			);
			buildRules = (
			);
			dependencies = (
				42886806207156E200F135B9 /* PBXTargetDependency */,
			);
			name = OutlookAssignmentTests_iOS;
			productName = OutlookAssignmentTests_iOS;
			productReference = FR_518012577638 /* OutlookAssignmentTests.xctest */;
			productType = "com.apple.product-type.bundle.unit-test";
		};
/* End PBXNativeTarget section */

/* Begin PBXProject section */
		P_9058474000714 /* Project object */ = {
			isa = PBXProject;
			attributes = {
				LastUpgradeCheck = 0920;
				TargetAttributes = {
					NT_518012577638 = {
						TestTargetID = NT_232594268034;
					};
				};
			};
			buildConfigurationList = CL_905847400071 /* Build configuration list for PBXProject "OutlookAssignment" */;
			compatibilityVersion = "Xcode 3.2";
			developmentRegion = en;
			hasScannedForEncodings = 0;
			knownRegions = (
				Base,
			);
			mainGroup = G_8448771205358;
			projectDirPath = "";
			projectRoot = "";
			targets = (
				NT_518012577638 /* OutlookAssignmentTests_iOS */,
				NT_232594268034 /* OutlookAssignment_iOS */,
			);
		};
/* End PBXProject section */

/* Begin PBXResourcesBuildPhase section */
		RBP_23259426803 /* Resources */ = {
			isa = PBXResourcesBuildPhase;
			buildActionMask = 2147483647;
			files = (
				BF_683537124352 /* Assets.xcassets in Resources */,
				BF_500797084898 /* LaunchScreen.storyboard in Resources */,
			);
			runOnlyForDeploymentPostprocessing = 0;
		};
/* End PBXResourcesBuildPhase section */

/* Begin PBXSourcesBuildPhase section */
		SBP_23259426803 /* Sources */ = {
			isa = PBXSourcesBuildPhase;
			buildActionMask = 2147483647;
			files = (
				BF_377049340755 /* AgendaDataSource.swift in Sources */,
				BF_246440345540 /* AppDelegate.swift in Sources */,
				BF_548265381298 /* Attendee.swift in Sources */,
				BF_352088762575 /* AttendeesView.swift in Sources */,
				BF_673544012464 /* CGRect + Centering.swift in Sources */,
				BF_489203749641 /* CalendarDataSource.swift in Sources */,
				BF_915293354383 /* CalendarViewController.swift in Sources */,
				BF_504108947674 /* CircularAvatar.swift in Sources */,
				BF_686639947104 /* Collection+ElementAtIndex.swift in Sources */,
				BF_826385771561 /* Constants.swift in Sources */,
				BF_201106544672 /* DateHeaderView.swift in Sources */,
				BF_668220930294 /* Day.swift in Sources */,
				BF_515726803494 /* DayCell.swift in Sources */,
				BF_621771586145 /* DotView.swift in Sources */,
				BF_533673582875 /* EmptyEventsTableViewCell.swift in Sources */,
				BF_133397382201 /* EventCell.swift in Sources */,
				BF_460376240917 /* EventDataProvider.swift in Sources */,
				BF_822203216781 /* EventDetailsView.swift in Sources */,
				BF_910540538205 /* EventSource.swift in Sources */,
				BF_404617211936 /* EventTimingView.swift in Sources */,
				BF_707068814845 /* EventViewModel.swift in Sources */,
				42BACD442072539A0090DE68 /* Date+Seconds.swift in Sources */,
				BF_635399764842 /* LocationView.swift in Sources */,
				BF_571471824798 /* MonthTitleView.swift in Sources */,
				BF_351401592110 /* PlusNumberView.swift in Sources */,
				BF_670999139963 /* StaticEventsDataProvider.swift in Sources */,
				BF_353932559249 /* UIColor+Hex.swift in Sources */,
				BF_574880598792 /* UIView+alignEdges.swift in Sources */,
			);
			runOnlyForDeploymentPostprocessing = 0;
		};
		SBP_51801257763 /* Sources */ = {
			isa = PBXSourcesBuildPhase;
			buildActionMask = 2147483647;
			files = (
				42C210CB20716494008E0E9E /* DataSourceTests.swift in Sources */,
				42BACD4C2072767E0090DE68 /* MockForecastSession.swift in Sources */,
				42886808207158AA00F135B9 /* ExtensionTests.swift in Sources */,
				428868022071568800F135B9 /* DayTests.swift in Sources */,
				42C210CD2071FF14008E0E9E /* ForecastAPIClient.swift in Sources */,
				BF_841295316044 /* OutlookAssignmentTests.swift in Sources */,
				42BACD4620725FC60090DE68 /* ForecastClientTests.swift in Sources */,
				42BACD4820726C250090DE68 /* SampleResponse.swift in Sources */,
			);
			runOnlyForDeploymentPostprocessing = 0;
		};
/* End PBXSourcesBuildPhase section */

/* Begin PBXTargetDependency section */
		42886806207156E200F135B9 /* PBXTargetDependency */ = {
			isa = PBXTargetDependency;
			target = NT_232594268034 /* OutlookAssignment_iOS */;
			targetProxy = 42886805207156E200F135B9 /* PBXContainerItemProxy */;
		};
/* End PBXTargetDependency section */

/* Begin PBXVariantGroup section */
		VG_379966967669 /* LaunchScreen.storyboard */ = {
			isa = PBXVariantGroup;
			children = (
				FR_379966967669 /* Base */,
			);
			name = LaunchScreen.storyboard;
			sourceTree = "<group>";
		};
/* End PBXVariantGroup section */

/* Begin XCBuildConfiguration section */
		BC_199814199319 /* Release */ = {
			isa = XCBuildConfiguration;
			buildSettings = {
				ALWAYS_EMBED_SWIFT_STANDARD_LIBRARIES = YES;
				ASSETCATALOG_COMPILER_APPICON_NAME = AppIcon;
				"CODE_SIGN_IDENTITY[sdk=iphoneos*]" = "iPhone Developer";
				INFOPLIST_FILE = OutlookAssignment/Info.plist;
				LD_RUNPATH_SEARCH_PATHS = "$(inherited) @executable_path/Frameworks";
				PRODUCT_BUNDLE_IDENTIFIER = "com.rmalhotra.OutlookAssignment-iOS";
				PRODUCT_NAME = OutlookAssignment;
				SDKROOT = iphoneos;
				TARGETED_DEVICE_FAMILY = "1,2";
			};
			name = Release;
		};
		BC_479945831424 /* Debug */ = {
			isa = XCBuildConfiguration;
			buildSettings = {
				ALWAYS_SEARCH_USER_PATHS = NO;
				CLANG_ANALYZER_NONNULL = YES;
				CLANG_ANALYZER_NUMBER_OBJECT_CONVERSION = YES_AGGRESSIVE;
				CLANG_CXX_LANGUAGE_STANDARD = "gnu++14";
				CLANG_CXX_LIBRARY = "libc++";
				CLANG_ENABLE_MODULES = YES;
				CLANG_ENABLE_OBJC_ARC = YES;
				CLANG_WARN_BLOCK_CAPTURE_AUTORELEASING = YES;
				CLANG_WARN_BOOL_CONVERSION = YES;
				CLANG_WARN_COMMA = YES;
				CLANG_WARN_CONSTANT_CONVERSION = YES;
				CLANG_WARN_DIRECT_OBJC_ISA_USAGE = YES_ERROR;
				CLANG_WARN_DOCUMENTATION_COMMENTS = YES;
				CLANG_WARN_EMPTY_BODY = YES;
				CLANG_WARN_ENUM_CONVERSION = YES;
				CLANG_WARN_INFINITE_RECURSION = YES;
				CLANG_WARN_INT_CONVERSION = YES;
				CLANG_WARN_NON_LITERAL_NULL_CONVERSION = YES;
				CLANG_WARN_OBJC_LITERAL_CONVERSION = YES;
				CLANG_WARN_OBJC_ROOT_CLASS = YES_ERROR;
				CLANG_WARN_RANGE_LOOP_ANALYSIS = YES;
				CLANG_WARN_STRICT_PROTOTYPES = YES;
				CLANG_WARN_SUSPICIOUS_MOVE = YES;
				CLANG_WARN_UNGUARDED_AVAILABILITY = YES_AGGRESSIVE;
				CLANG_WARN_UNREACHABLE_CODE = YES;
				CLANG_WARN__DUPLICATE_METHOD_MATCH = YES;
				COPY_PHASE_STRIP = NO;
				DEBUG_INFORMATION_FORMAT = dwarf;
				ENABLE_STRICT_OBJC_MSGSEND = YES;
				ENABLE_TESTABILITY = YES;
				GCC_C_LANGUAGE_STANDARD = gnu11;
				GCC_DYNAMIC_NO_PIC = NO;
				GCC_NO_COMMON_BLOCKS = YES;
				GCC_OPTIMIZATION_LEVEL = 0;
				GCC_PREPROCESSOR_DEFINITIONS = (
					"$(inherited)",
					"DEBUG=1",
				);
				GCC_WARN_64_TO_32_BIT_CONVERSION = YES;
				GCC_WARN_ABOUT_RETURN_TYPE = YES_ERROR;
				GCC_WARN_UNDECLARED_SELECTOR = YES;
				GCC_WARN_UNINITIALIZED_AUTOS = YES_AGGRESSIVE;
				GCC_WARN_UNUSED_FUNCTION = YES;
				GCC_WARN_UNUSED_VARIABLE = YES;
				MTL_ENABLE_DEBUG_INFO = YES;
				ONLY_ACTIVE_ARCH = YES;
				PRODUCT_NAME = "$(TARGET_NAME)";
				SWIFT_ACTIVE_COMPILATION_CONDITIONS = DEBUG;
				SWIFT_OPTIMIZATION_LEVEL = "-Onone";
				SWIFT_VERSION = 4.0;
			};
			name = Debug;
		};
		BC_647395855686 /* Debug */ = {
			isa = XCBuildConfiguration;
			buildSettings = {
				ALWAYS_EMBED_SWIFT_STANDARD_LIBRARIES = YES;
				ASSETCATALOG_COMPILER_APPICON_NAME = AppIcon;
				"CODE_SIGN_IDENTITY[sdk=iphoneos*]" = "iPhone Developer";
				INFOPLIST_FILE = OutlookAssignment/Info.plist;
				LD_RUNPATH_SEARCH_PATHS = "$(inherited) @executable_path/Frameworks";
				PRODUCT_BUNDLE_IDENTIFIER = "com.rmalhotra.OutlookAssignment-iOS";
				PRODUCT_NAME = OutlookAssignment;
				SDKROOT = iphoneos;
				TARGETED_DEVICE_FAMILY = "1,2";
			};
			name = Debug;
		};
		BC_688679699864 /* Release */ = {
			isa = XCBuildConfiguration;
			buildSettings = {
				BUNDLE_LOADER = "$(TEST_HOST)";
				INFOPLIST_FILE = OutlookAssignmentTests/Info.plist;
				LD_RUNPATH_SEARCH_PATHS = "$(inherited) @executable_path/Frameworks @loader_path/Frameworks";
				PRODUCT_BUNDLE_IDENTIFIER = "com.rmalhotra.OutlookAssignmentTests-iOS";
				PRODUCT_NAME = OutlookAssignmentTests;
				SDKROOT = iphoneos;
				TARGETED_DEVICE_FAMILY = "1,2";
				TEST_HOST = "$(BUILT_PRODUCTS_DIR)/OutlookAssignment.app/OutlookAssignment";
			};
			name = Release;
		};
		BC_726754744802 /* Debug */ = {
			isa = XCBuildConfiguration;
			buildSettings = {
				BUNDLE_LOADER = "$(TEST_HOST)";
				INFOPLIST_FILE = OutlookAssignmentTests/Info.plist;
				LD_RUNPATH_SEARCH_PATHS = "$(inherited) @executable_path/Frameworks @loader_path/Frameworks";
				PRODUCT_BUNDLE_IDENTIFIER = "com.rmalhotra.OutlookAssignmentTests-iOS";
				PRODUCT_NAME = OutlookAssignmentTests;
				SDKROOT = iphoneos;
				TARGETED_DEVICE_FAMILY = "1,2";
				TEST_HOST = "$(BUILT_PRODUCTS_DIR)/OutlookAssignment.app/OutlookAssignment";
			};
			name = Debug;
		};
		BC_881114754245 /* Release */ = {
			isa = XCBuildConfiguration;
			buildSettings = {
				ALWAYS_SEARCH_USER_PATHS = NO;
				CLANG_ANALYZER_NONNULL = YES;
				CLANG_ANALYZER_NUMBER_OBJECT_CONVERSION = YES_AGGRESSIVE;
				CLANG_CXX_LANGUAGE_STANDARD = "gnu++14";
				CLANG_CXX_LIBRARY = "libc++";
				CLANG_ENABLE_MODULES = YES;
				CLANG_ENABLE_OBJC_ARC = YES;
				CLANG_WARN_BLOCK_CAPTURE_AUTORELEASING = YES;
				CLANG_WARN_BOOL_CONVERSION = YES;
				CLANG_WARN_COMMA = YES;
				CLANG_WARN_CONSTANT_CONVERSION = YES;
				CLANG_WARN_DIRECT_OBJC_ISA_USAGE = YES_ERROR;
				CLANG_WARN_DOCUMENTATION_COMMENTS = YES;
				CLANG_WARN_EMPTY_BODY = YES;
				CLANG_WARN_ENUM_CONVERSION = YES;
				CLANG_WARN_INFINITE_RECURSION = YES;
				CLANG_WARN_INT_CONVERSION = YES;
				CLANG_WARN_NON_LITERAL_NULL_CONVERSION = YES;
				CLANG_WARN_OBJC_LITERAL_CONVERSION = YES;
				CLANG_WARN_OBJC_ROOT_CLASS = YES_ERROR;
				CLANG_WARN_RANGE_LOOP_ANALYSIS = YES;
				CLANG_WARN_STRICT_PROTOTYPES = YES;
				CLANG_WARN_SUSPICIOUS_MOVE = YES;
				CLANG_WARN_UNGUARDED_AVAILABILITY = YES_AGGRESSIVE;
				CLANG_WARN_UNREACHABLE_CODE = YES;
				CLANG_WARN__DUPLICATE_METHOD_MATCH = YES;
				COPY_PHASE_STRIP = NO;
				DEBUG_INFORMATION_FORMAT = "dwarf-with-dsym";
				ENABLE_NS_ASSERTIONS = NO;
				ENABLE_STRICT_OBJC_MSGSEND = YES;
				GCC_C_LANGUAGE_STANDARD = gnu11;
				GCC_NO_COMMON_BLOCKS = YES;
				GCC_WARN_64_TO_32_BIT_CONVERSION = YES;
				GCC_WARN_ABOUT_RETURN_TYPE = YES_ERROR;
				GCC_WARN_UNDECLARED_SELECTOR = YES;
				GCC_WARN_UNINITIALIZED_AUTOS = YES_AGGRESSIVE;
				GCC_WARN_UNUSED_FUNCTION = YES;
				GCC_WARN_UNUSED_VARIABLE = YES;
				PRODUCT_NAME = "$(TARGET_NAME)";
				SWIFT_OPTIMIZATION_LEVEL = "-Owholemodule";
				SWIFT_VERSION = 4.0;
				VALIDATE_PRODUCT = YES;
			};
			name = Release;
		};
/* End XCBuildConfiguration section */

/* Begin XCConfigurationList section */
		CL_232594268034 /* Build configuration list for PBXNativeTarget "OutlookAssignment_iOS" */ = {
			isa = XCConfigurationList;
			buildConfigurations = (
				BC_647395855686 /* Debug */,
				BC_199814199319 /* Release */,
			);
			defaultConfigurationIsVisible = 0;
			defaultConfigurationName = "";
		};
		CL_518012577638 /* Build configuration list for PBXNativeTarget "OutlookAssignmentTests_iOS" */ = {
			isa = XCConfigurationList;
			buildConfigurations = (
				BC_726754744802 /* Debug */,
				BC_688679699864 /* Release */,
			);
			defaultConfigurationIsVisible = 0;
			defaultConfigurationName = "";
		};
		CL_905847400071 /* Build configuration list for PBXProject "OutlookAssignment" */ = {
			isa = XCConfigurationList;
			buildConfigurations = (
				BC_479945831424 /* Debug */,
				BC_881114754245 /* Release */,
			);
			defaultConfigurationIsVisible = 0;
			defaultConfigurationName = Debug;
		};
/* End XCConfigurationList section */
	};
	rootObject = P_9058474000714 /* Project object */;
}
